
Microsoft Visual Studio Solution File, Format Version 12.00
# Visual Studio Version 17
VisualStudioVersion = 17.9.34723.18
MinimumVisualStudioVersion = 10.0.40219.1
Project("{888888A0-9F3D-457C-B088-3A5042F75D52}") = "P_ChecklistDangSong", "P_ChecklistDangSong.pyproj", "{177069E4-BC60-4986-B744-DF7BDC2D5642}"
EndProject
Global
	GlobalSection(SolutionConfigurationPlatforms) = preSolution
		Debug|Any CPU = Debug|Any CPU
		Release|Any CPU = Release|Any CPU
	EndGlobalSection
	GlobalSection(ProjectConfigurationPlatforms) = postSolution
		{177069E4-BC60-4986-B744-DF7BDC2D5642}.Debug|Any CPU.ActiveCfg = Debug|Any CPU
		{177069E4-BC60-4986-B744-DF7BDC2D5642}.Release|Any CPU.ActiveCfg = Release|Any CPU
	EndGlobalSection
	GlobalSection(SolutionProperties) = preSolution
		HideSolutionNode = FALSE
	EndGlobalSection
	GlobalSection(ExtensibilityGlobals) = postSolution
		SolutionGuid = {8DB9BF4D-1405-4B2F-9B9C-09E523807A2E}
	EndGlobalSection
EndGlobal
